{
  "requires": true,
  "lockfileVersion": 1,
  "dependencies": {
    "form-palindrome-detector": {
      "version": "0.1.0",
      "resolved": "https://registry.npmjs.org/form-palindrome-detector/-/form-palindrome-detector-0.1.0.tgz",
      "integrity": "sha512-LvzCkbOd9iFLHnluV/zpAybkHg4djsk3MXSiTFpY4FVQarsDIHifcumokZnMLP5I3+2zbnEqF6m4GmH1S++O+Q=="
    }
  }
}
