{
  "requires": true,
  "lockfileVersion": 1,
  "dependencies": {
    "form-palindrome-detector": {
      "version": "1.0.0",
      "resolved": "https://registry.npmjs.org/form-palindrome-detector/-/form-palindrome-detector-1.0.0.tgz",
      "integrity": "sha512-DQgwjJDQ/11psuDDrpVIhKvUBdNeoo4oKq50UvmyVhGaueH1MSAvHuQXsAkWKYhNUQMhkvt04R77nh16K2Lsmg=="
    }
  }
}
